{
  "name": "js-cli-ex",
  "version": "1.0.0",
  "lockfileVersion": 3,
  "requires": true,
  "packages": {
    "": {
      "name": "js-cli-ex",
      "version": "1.0.0",
      "license": "ISC",
      "dependencies": {
        "commander": "^14.0.0",
        "decimal": "^0.0.2"
      },
      "bin": {
        "js-cli-ex": "index.js"
      }
    },
    "node_modules/commander": {
      "version": "14.0.0",
      "resolved": "https://registry.npmjs.org/commander/-/commander-14.0.0.tgz",
      "integrity": "sha512-2uM9rYjPvyq39NwLRqaiLtWHyDC1FvryJDa2ATTVims5YAS4PupsEQsDvP14FqhFr0P49CYDugi59xaxJlTXRA==",
      "license": "MIT",
      "engines": {
        "node": ">=20"
      }
    },
    "node_modules/decimal": {
      "version": "0.0.2",
      "resolved": "https://registry.npmjs.org/decimal/-/decimal-0.0.2.tgz",
      "integrity": "sha512-puX1+D5GlpXYH0kDejnu8F2jsGLKRePc7eOznNjqMbA2otl7AzvubrvvZVmOvRCHhsqeAPKNcAxHHbevsH/1qg==",
      "engines": {
        "node": "0.4.x"
      }
    }
  }
}
